
Microsoft Visual Studio Solution File, Format Version 12.00
# Visual Studio Version 17
VisualStudioVersion = 17.6.33815.320
MinimumVisualStudioVersion = 10.0.40219.1
Project("{FAE04EC0-301F-11D3-BF4B-00C04F79EFBC}") = "Project test 2", "Project test 2\Project test 2.csproj", "{4A3F1888-1AAD-49FF-B1A7-F2144BF94719}"
EndProject
Global
	GlobalSection(SolutionConfigurationPlatforms) = preSolution
		Debug|Any CPU = Debug|Any CPU
		Release|Any CPU = Release|Any CPU
	EndGlobalSection
	GlobalSection(ProjectConfigurationPlatforms) = postSolution
		{4A3F1888-1AAD-49FF-B1A7-F2144BF94719}.Debug|Any CPU.ActiveCfg = Debug|Any CPU
		{4A3F1888-1AAD-49FF-B1A7-F2144BF94719}.Debug|Any CPU.Build.0 = Debug|Any CPU
		{4A3F1888-1AAD-49FF-B1A7-F2144BF94719}.Release|Any CPU.ActiveCfg = Release|Any CPU
		{4A3F1888-1AAD-49FF-B1A7-F2144BF94719}.Release|Any CPU.Build.0 = Release|Any CPU
	EndGlobalSection
	GlobalSection(SolutionProperties) = preSolution
		HideSolutionNode = FALSE
	EndGlobalSection
	GlobalSection(ExtensibilityGlobals) = postSolution
		SolutionGuid = {D9A2E2F7-704D-4ED1-ABE5-571F1EABB4B9}
	EndGlobalSection
EndGlobal
